
Microsoft Visual Studio Solution File, Format Version 12.00
# Visual Studio Version 16
VisualStudioVersion = 16.0.29020.237
MinimumVisualStudioVersion = 10.0.40219.1
Project("{9A19103F-16F7-4668-BE54-9A1E7A4F7556}") = "LifeBackup.Api", "LifeBackup.Api\LifeBackup.Api.csproj", "{EF50AB9D-7FCD-46F3-B2D5-CD9D44180BA1}"
EndProject
Project("{9A19103F-16F7-4668-BE54-9A1E7A4F7556}") = "LifeBackup.Core", "LifeBackup.Core\LifeBackup.Core.csproj", "{55180BDB-9396-4B80-9239-74415D637CAE}"
EndProject
Project("{9A19103F-16F7-4668-BE54-9A1E7A4F7556}") = "LifeBackup.Infrastructure", "LifeBackup.Infrastructure\LifeBackup.Infrastructure.csproj", "{71FDA011-46F8-48C9-91D2-106B72D989F8}"
EndProject
Project("{2150E333-8FDC-42A3-9474-1A3956D46DE8}") = "Tests", "Tests", "{FC09292F-9F31-45EA-B515-2014A9CED1E1}"
EndProject
Project("{FAE04EC0-301F-11D3-BF4B-00C04F79EFBC}") = "LifeBackup.Integration.Tests", "LifeBackup.Integration.Tests\LifeBackup.Integration.Tests.csproj", "{643FE748-2A88-4313-9D47-95718FC539C9}"
EndProject
Global
	GlobalSection(SolutionConfigurationPlatforms) = preSolution
		Debug|Any CPU = Debug|Any CPU
		Release|Any CPU = Release|Any CPU
	EndGlobalSection
	GlobalSection(ProjectConfigurationPlatforms) = postSolution
		{EF50AB9D-7FCD-46F3-B2D5-CD9D44180BA1}.Debug|Any CPU.ActiveCfg = Debug|Any CPU
		{EF50AB9D-7FCD-46F3-B2D5-CD9D44180BA1}.Debug|Any CPU.Build.0 = Debug|Any CPU
		{EF50AB9D-7FCD-46F3-B2D5-CD9D44180BA1}.Release|Any CPU.ActiveCfg = Release|Any CPU
		{EF50AB9D-7FCD-46F3-B2D5-CD9D44180BA1}.Release|Any CPU.Build.0 = Release|Any CPU
		{55180BDB-9396-4B80-9239-74415D637CAE}.Debug|Any CPU.ActiveCfg = Debug|Any CPU
		{55180BDB-9396-4B80-9239-74415D637CAE}.Debug|Any CPU.Build.0 = Debug|Any CPU
		{55180BDB-9396-4B80-9239-74415D637CAE}.Release|Any CPU.ActiveCfg = Release|Any CPU
		{55180BDB-9396-4B80-9239-74415D637CAE}.Release|Any CPU.Build.0 = Release|Any CPU
		{71FDA011-46F8-48C9-91D2-106B72D989F8}.Debug|Any CPU.ActiveCfg = Debug|Any CPU
		{71FDA011-46F8-48C9-91D2-106B72D989F8}.Debug|Any CPU.Build.0 = Debug|Any CPU
		{71FDA011-46F8-48C9-91D2-106B72D989F8}.Release|Any CPU.ActiveCfg = Release|Any CPU
		{71FDA011-46F8-48C9-91D2-106B72D989F8}.Release|Any CPU.Build.0 = Release|Any CPU
		{643FE748-2A88-4313-9D47-95718FC539C9}.Debug|Any CPU.ActiveCfg = Debug|Any CPU
		{643FE748-2A88-4313-9D47-95718FC539C9}.Debug|Any CPU.Build.0 = Debug|Any CPU
		{643FE748-2A88-4313-9D47-95718FC539C9}.Release|Any CPU.ActiveCfg = Release|Any CPU
		{643FE748-2A88-4313-9D47-95718FC539C9}.Release|Any CPU.Build.0 = Release|Any CPU
	EndGlobalSection
	GlobalSection(SolutionProperties) = preSolution
		HideSolutionNode = FALSE
	EndGlobalSection
	GlobalSection(NestedProjects) = preSolution
		{643FE748-2A88-4313-9D47-95718FC539C9} = {FC09292F-9F31-45EA-B515-2014A9CED1E1}
	EndGlobalSection
	GlobalSection(ExtensibilityGlobals) = postSolution
		SolutionGuid = {3CD285CA-4209-4DE5-BEDF-0122B8195B92}
	EndGlobalSection
EndGlobal
